// !$*UTF8*$!
{
	archiveVersion = 1;
	classes = {
	};
	objectVersion = 55;
	objects = {

/* Begin PBXBuildFile section */
		84B63DAB2892C7F700296A24 /* AppDelegate.swift in Sources */ = {isa = PBXBuildFile; fileRef = 84B63DAA2892C7F700296A24 /* AppDelegate.swift */; };
		84B63DAD2892C7F700296A24 /* SceneDelegate.swift in Sources */ = {isa = PBXBuildFile; fileRef = 84B63DAC2892C7F700296A24 /* SceneDelegate.swift */; };
		84B63DAF2892C7F700296A24 /* ViewController.swift in Sources */ = {isa = PBXBuildFile; fileRef = 84B63DAE2892C7F700296A24 /* ViewController.swift */; };
		84B63DB22892C7F700296A24 /* Main.storyboard in Resources */ = {isa = PBXBuildFile; fileRef = 84B63DB02892C7F700296A24 /* Main.storyboard */; };
		84B63DB42892C7F800296A24 /* Assets.xcassets in Resources */ = {isa = PBXBuildFile; fileRef = 84B63DB32892C7F800296A24 /* Assets.xcassets */; };
		84B63DB72892C7F800296A24 /* LaunchScreen.storyboard in Resources */ = {isa = PBXBuildFile; fileRef = 84B63DB52892C7F800296A24 /* LaunchScreen.storyboard */; };
		84B63DC22892C7F800296A24 /* LimitInputTextFieldTests.swift in Sources */ = {isa = PBXBuildFile; fileRef = 84B63DC12892C7F800296A24 /* LimitInputTextFieldTests.swift */; };
		84B63DCC2892C7F800296A24 /* LimitInputTextFieldUITests.swift in Sources */ = {isa = PBXBuildFile; fileRef = 84B63DCB2892C7F800296A24 /* LimitInputTextFieldUITests.swift */; };
		84B63DCE2892C7F800296A24 /* LimitInputTextFieldUITestsLaunchTests.swift in Sources */ = {isa = PBXBuildFile; fileRef = 84B63DCD2892C7F800296A24 /* LimitInputTextFieldUITestsLaunchTests.swift */; };
/* End PBXBuildFile section */

/* Begin PBXContainerItemProxy section */
		84B63DBE2892C7F800296A24 /* PBXContainerItemProxy */ = {
			isa = PBXContainerItemProxy;
			containerPortal = 84B63D9F2892C7F700296A24 /* Project object */;
			proxyType = 1;
			remoteGlobalIDString = 84B63DA62892C7F700296A24;
			remoteInfo = LimitInputTextField;
		};
		84B63DC82892C7F800296A24 /* PBXContainerItemProxy */ = {
			isa = PBXContainerItemProxy;
			containerPortal = 84B63D9F2892C7F700296A24 /* Project object */;
			proxyType = 1;
			remoteGlobalIDString = 84B63DA62892C7F700296A24;
			remoteInfo = LimitInputTextField;
		};
/* End PBXContainerItemProxy section */

/* Begin PBXFileReference section */
		84B63DA72892C7F700296A24 /* LimitInputTextField.app */ = {isa = PBXFileReference; explicitFileType = wrapper.application; includeInIndex = 0; path = LimitInputTextField.app; sourceTree = BUILT_PRODUCTS_DIR; };
		84B63DAA2892C7F700296A24 /* AppDelegate.swift */ = {isa = PBXFileReference; lastKnownFileType = sourcecode.swift; path = AppDelegate.swift; sourceTree = "<group>"; };
		84B63DAC2892C7F700296A24 /* SceneDelegate.swift */ = {isa = PBXFileReference; lastKnownFileType = sourcecode.swift; path = SceneDelegate.swift; sourceTree = "<group>"; };
		84B63DAE2892C7F700296A24 /* ViewController.swift */ = {isa = PBXFileReference; lastKnownFileType = sourcecode.swift; path = ViewController.swift; sourceTree = "<group>"; };
		84B63DB12892C7F700296A24 /* Base */ = {isa = PBXFileReference; lastKnownFileType = file.storyboard; name = Base; path = Base.lproj/Main.storyboard; sourceTree = "<group>"; };
		84B63DB32892C7F800296A24 /* Assets.xcassets */ = {isa = PBXFileReference; lastKnownFileType = folder.assetcatalog; path = Assets.xcassets; sourceTree = "<group>"; };
		84B63DB62892C7F800296A24 /* Base */ = {isa = PBXFileReference; lastKnownFileType = file.storyboard; name = Base; path = Base.lproj/LaunchScreen.storyboard; sourceTree = "<group>"; };
		84B63DB82892C7F800296A24 /* Info.plist */ = {isa = PBXFileReference; lastKnownFileType = text.plist.xml; path = Info.plist; sourceTree = "<group>"; };
		84B63DBD2892C7F800296A24 /* LimitInputTextFieldTests.xctest */ = {isa = PBXFileReference; explicitFileType = wrapper.cfbundle; includeInIndex = 0; path = LimitInputTextFieldTests.xctest; sourceTree = BUILT_PRODUCTS_DIR; };
		84B63DC12892C7F800296A24 /* LimitInputTextFieldTests.swift */ = {isa = PBXFileReference; lastKnownFileType = sourcecode.swift; path = LimitInputTextFieldTests.swift; sourceTree = "<group>"; };
		84B63DC72892C7F800296A24 /* LimitInputTextFieldUITests.xctest */ = {isa = PBXFileReference; explicitFileType = wrapper.cfbundle; includeInIndex = 0; path = LimitInputTextFieldUITests.xctest; sourceTree = BUILT_PRODUCTS_DIR; };
		84B63DCB2892C7F800296A24 /* LimitInputTextFieldUITests.swift */ = {isa = PBXFileReference; lastKnownFileType = sourcecode.swift; path = LimitInputTextFieldUITests.swift; sourceTree = "<group>"; };
		84B63DCD2892C7F800296A24 /* LimitInputTextFieldUITestsLaunchTests.swift */ = {isa = PBXFileReference; lastKnownFileType = sourcecode.swift; path = LimitInputTextFieldUITestsLaunchTests.swift; sourceTree = "<group>"; };
/* End PBXFileReference section */

/* Begin PBXFrameworksBuildPhase section */
		84B63DA42892C7F700296A24 /* Frameworks */ = {
			isa = PBXFrameworksBuildPhase;
			buildActionMask = 2147483647;
			files = (
			);
			runOnlyForDeploymentPostprocessing = 0;
		};
		84B63DBA2892C7F800296A24 /* Frameworks */ = {
			isa = PBXFrameworksBuildPhase;
			buildActionMask = 2147483647;
			files = (
			);
			runOnlyForDeploymentPostprocessing = 0;
		};
		84B63DC42892C7F800296A24 /* Frameworks */ = {
			isa = PBXFrameworksBuildPhase;
			buildActionMask = 2147483647;
			files = (
			);
			runOnlyForDeploymentPostprocessing = 0;
		};
/* End PBXFrameworksBuildPhase section */

/* Begin PBXGroup section */
		84B63D9E2892C7F700296A24 = {
			isa = PBXGroup;
			children = (
				84B63DA92892C7F700296A24 /* LimitInputTextField */,
				84B63DC02892C7F800296A24 /* LimitInputTextFieldTests */,
				84B63DCA2892C7F800296A24 /* LimitInputTextFieldUITests */,
				84B63DA82892C7F700296A24 /* Products */,
			);
			sourceTree = "<group>";
		};
		84B63DA82892C7F700296A24 /* Products */ = {
			isa = PBXGroup;
			children = (
				84B63DA72892C7F700296A24 /* LimitInputTextField.app */,
				84B63DBD2892C7F800296A24 /* LimitInputTextFieldTests.xctest */,
				84B63DC72892C7F800296A24 /* LimitInputTextFieldUITests.xctest */,
			);
			name = Products;
			sourceTree = "<group>";
		};
		84B63DA92892C7F700296A24 /* LimitInputTextField */ = {
			isa = PBXGroup;
			children = (
				84B63DAA2892C7F700296A24 /* AppDelegate.swift */,
				84B63DAC2892C7F700296A24 /* SceneDelegate.swift */,
				84B63DAE2892C7F700296A24 /* ViewController.swift */,
				84B63DB02892C7F700296A24 /* Main.storyboard */,
				84B63DB32892C7F800296A24 /* Assets.xcassets */,
				84B63DB52892C7F800296A24 /* LaunchScreen.storyboard */,
				84B63DB82892C7F800296A24 /* Info.plist */,
			);
			path = LimitInputTextField;
			sourceTree = "<group>";
		};
		84B63DC02892C7F800296A24 /* LimitInputTextFieldTests */ = {
			isa = PBXGroup;
			children = (
				84B63DC12892C7F800296A24 /* LimitInputTextFieldTests.swift */,
			);
			path = LimitInputTextFieldTests;
			sourceTree = "<group>";
		};
		84B63DCA2892C7F800296A24 /* LimitInputTextFieldUITests */ = {
			isa = PBXGroup;
			children = (
				84B63DCB2892C7F800296A24 /* LimitInputTextFieldUITests.swift */,
				84B63DCD2892C7F800296A24 /* LimitInputTextFieldUITestsLaunchTests.swift */,
			);
			path = LimitInputTextFieldUITests;
			sourceTree = "<group>";
		};
/* End PBXGroup section */

/* Begin PBXNativeTarget section */
		84B63DA62892C7F700296A24 /* LimitInputTextField */ = {
			isa = PBXNativeTarget;
			buildConfigurationList = 84B63DD12892C7F800296A24 /* Build configuration list for PBXNativeTarget "LimitInputTextField" */;
			buildPhases = (
				84B63DA32892C7F700296A24 /* Sources */,
				84B63DA42892C7F700296A24 /* Frameworks */,
				84B63DA52892C7F700296A24 /* Resources */,
			);
			buildRules = (
			);
			dependencies = (
			);
			name = LimitInputTextField;
			productName = LimitInputTextField;
			productReference = 84B63DA72892C7F700296A24 /* LimitInputTextField.app */;
			productType = "com.apple.product-type.application";
		};
		84B63DBC2892C7F800296A24 /* LimitInputTextFieldTests */ = {
			isa = PBXNativeTarget;
			buildConfigurationList = 84B63DD42892C7F800296A24 /* Build configuration list for PBXNativeTarget "LimitInputTextFieldTests" */;
			buildPhases = (
				84B63DB92892C7F800296A24 /* Sources */,
				84B63DBA2892C7F800296A24 /* Frameworks */,
				84B63DBB2892C7F800296A24 /* Resources */,
			);
			buildRules = (
			);
			dependencies = (
				84B63DBF2892C7F800296A24 /* PBXTargetDependency */,
			);
			name = LimitInputTextFieldTests;
			productName = LimitInputTextFieldTests;
			productReference = 84B63DBD2892C7F800296A24 /* LimitInputTextFieldTests.xctest */;
			productType = "com.apple.product-type.bundle.unit-test";
		};
		84B63DC62892C7F800296A24 /* LimitInputTextFieldUITests */ = {
			isa = PBXNativeTarget;
			buildConfigurationList = 84B63DD72892C7F800296A24 /* Build configuration list for PBXNativeTarget "LimitInputTextFieldUITests" */;
			buildPhases = (
				84B63DC32892C7F800296A24 /* Sources */,
				84B63DC42892C7F800296A24 /* Frameworks */,
				84B63DC52892C7F800296A24 /* Resources */,
			);
			buildRules = (
			);
			dependencies = (
				84B63DC92892C7F800296A24 /* PBXTargetDependency */,
			);
			name = LimitInputTextFieldUITests;
			productName = LimitInputTextFieldUITests;
			productReference = 84B63DC72892C7F800296A24 /* LimitInputTextFieldUITests.xctest */;
			productType = "com.apple.product-type.bundle.ui-testing";
		};
/* End PBXNativeTarget section */

/* Begin PBXProject section */
		84B63D9F2892C7F700296A24 /* Project object */ = {
			isa = PBXProject;
			attributes = {
				BuildIndependentTargetsInParallel = 1;
				LastSwiftUpdateCheck = 1330;
				LastUpgradeCheck = 1330;
				TargetAttributes = {
					84B63DA62892C7F700296A24 = {
						CreatedOnToolsVersion = 13.3;
					};
					84B63DBC2892C7F800296A24 = {
						CreatedOnToolsVersion = 13.3;
						TestTargetID = 84B63DA62892C7F700296A24;
					};
					84B63DC62892C7F800296A24 = {
						CreatedOnToolsVersion = 13.3;
						TestTargetID = 84B63DA62892C7F700296A24;
					};
				};
			};
			buildConfigurationList = 84B63DA22892C7F700296A24 /* Build configuration list for PBXProject "LimitInputTextField" */;
			compatibilityVersion = "Xcode 13.0";
			developmentRegion = en;
			hasScannedForEncodings = 0;
			knownRegions = (
				en,
				Base,
			);
			mainGroup = 84B63D9E2892C7F700296A24;
			productRefGroup = 84B63DA82892C7F700296A24 /* Products */;
			projectDirPath = "";
			projectRoot = "";
			targets = (
				84B63DA62892C7F700296A24 /* LimitInputTextField */,
				84B63DBC2892C7F800296A24 /* LimitInputTextFieldTests */,
				84B63DC62892C7F800296A24 /* LimitInputTextFieldUITests */,
			);
		};
/* End PBXProject section */

/* Begin PBXResourcesBuildPhase section */
		84B63DA52892C7F700296A24 /* Resources */ = {
			isa = PBXResourcesBuildPhase;
			buildActionMask = 2147483647;
			files = (
				84B63DB72892C7F800296A24 /* LaunchScreen.storyboard in Resources */,
				84B63DB42892C7F800296A24 /* Assets.xcassets in Resources */,
				84B63DB22892C7F700296A24 /* Main.storyboard in Resources */,
			);
			runOnlyForDeploymentPostprocessing = 0;
		};
		84B63DBB2892C7F800296A24 /* Resources */ = {
			isa = PBXResourcesBuildPhase;
			buildActionMask = 2147483647;
			files = (
			);
			runOnlyForDeploymentPostprocessing = 0;
		};
		84B63DC52892C7F800296A24 /* Resources */ = {
			isa = PBXResourcesBuildPhase;
			buildActionMask = 2147483647;
			files = (
			);
			runOnlyForDeploymentPostprocessing = 0;
		};
/* End PBXResourcesBuildPhase section */

/* Begin PBXSourcesBuildPhase section */
		84B63DA32892C7F700296A24 /* Sources */ = {
			isa = PBXSourcesBuildPhase;
			buildActionMask = 2147483647;
			files = (
				84B63DAF2892C7F700296A24 /* ViewController.swift in Sources */,
				84B63DAB2892C7F700296A24 /* AppDelegate.swift in Sources */,
				84B63DAD2892C7F700296A24 /* SceneDelegate.swift in Sources */,
			);
			runOnlyForDeploymentPostprocessing = 0;
		};
		84B63DB92892C7F800296A24 /* Sources */ = {
			isa = PBXSourcesBuildPhase;
			buildActionMask = 2147483647;
			files = (
				84B63DC22892C7F800296A24 /* LimitInputTextFieldTests.swift in Sources */,
			);
			runOnlyForDeploymentPostprocessing = 0;
		};
		84B63DC32892C7F800296A24 /* Sources */ = {
			isa = PBXSourcesBuildPhase;
			buildActionMask = 2147483647;
			files = (
				84B63DCC2892C7F800296A24 /* LimitInputTextFieldUITests.swift in Sources */,
				84B63DCE2892C7F800296A24 /* LimitInputTextFieldUITestsLaunchTests.swift in Sources */,
			);
			runOnlyForDeploymentPostprocessing = 0;
		};
/* End PBXSourcesBuildPhase section */

/* Begin PBXTargetDependency section */
		84B63DBF2892C7F800296A24 /* PBXTargetDependency */ = {
			isa = PBXTargetDependency;
			target = 84B63DA62892C7F700296A24 /* LimitInputTextField */;
			targetProxy = 84B63DBE2892C7F800296A24 /* PBXContainerItemProxy */;
		};
		84B63DC92892C7F800296A24 /* PBXTargetDependency */ = {
			isa = PBXTargetDependency;
			target = 84B63DA62892C7F700296A24 /* LimitInputTextField */;
			targetProxy = 84B63DC82892C7F800296A24 /* PBXContainerItemProxy */;
		};
/* End PBXTargetDependency section */

/* Begin PBXVariantGroup section */
		84B63DB02892C7F700296A24 /* Main.storyboard */ = {
			isa = PBXVariantGroup;
			children = (
				84B63DB12892C7F700296A24 /* Base */,
			);
			name = Main.storyboard;
			sourceTree = "<group>";
		};
		84B63DB52892C7F800296A24 /* LaunchScreen.storyboard */ = {
			isa = PBXVariantGroup;
			children = (
				84B63DB62892C7F800296A24 /* Base */,
			);
			name = LaunchScreen.storyboard;
			sourceTree = "<group>";
		};
/* End PBXVariantGroup section */

/* Begin XCBuildConfiguration section */
		84B63DCF2892C7F800296A24 /* Debug */ = {
			isa = XCBuildConfiguration;
			buildSettings = {
				ALWAYS_SEARCH_USER_PATHS = NO;
				CLANG_ANALYZER_NONNULL = YES;
				CLANG_ANALYZER_NUMBER_OBJECT_CONVERSION = YES_AGGRESSIVE;
				CLANG_CXX_LANGUAGE_STANDARD = "gnu++17";
				CLANG_ENABLE_MODULES = YES;
				CLANG_ENABLE_OBJC_ARC = YES;
				CLANG_ENABLE_OBJC_WEAK = YES;
				CLANG_WARN_BLOCK_CAPTURE_AUTORELEASING = YES;
				CLANG_WARN_BOOL_CONVERSION = YES;
				CLANG_WARN_COMMA = YES;
				CLANG_WARN_CONSTANT_CONVERSION = YES;
				CLANG_WARN_DEPRECATED_OBJC_IMPLEMENTATIONS = YES;
				CLANG_WARN_DIRECT_OBJC_ISA_USAGE = YES_ERROR;
				CLANG_WARN_DOCUMENTATION_COMMENTS = YES;
				CLANG_WARN_EMPTY_BODY = YES;
				CLANG_WARN_ENUM_CONVERSION = YES;
				CLANG_WARN_INFINITE_RECURSION = YES;
				CLANG_WARN_INT_CONVERSION = YES;
				CLANG_WARN_NON_LITERAL_NULL_CONVERSION = YES;
				CLANG_WARN_OBJC_IMPLICIT_RETAIN_SELF = YES;
				CLANG_WARN_OBJC_LITERAL_CONVERSION = YES;
				CLANG_WARN_OBJC_ROOT_CLASS = YES_ERROR;
				CLANG_WARN_QUOTED_INCLUDE_IN_FRAMEWORK_HEADER = YES;
				CLANG_WARN_RANGE_LOOP_ANALYSIS = YES;
				CLANG_WARN_STRICT_PROTOTYPES = YES;
				CLANG_WARN_SUSPICIOUS_MOVE = YES;
				CLANG_WARN_UNGUARDED_AVAILABILITY = YES_AGGRESSIVE;
				CLANG_WARN_UNREACHABLE_CODE = YES;
				CLANG_WARN__DUPLICATE_METHOD_MATCH = YES;
				COPY_PHASE_STRIP = NO;
				DEBUG_INFORMATION_FORMAT = dwarf;
				ENABLE_STRICT_OBJC_MSGSEND = YES;
				ENABLE_TESTABILITY = YES;
				GCC_C_LANGUAGE_STANDARD = gnu11;
				GCC_DYNAMIC_NO_PIC = NO;
				GCC_NO_COMMON_BLOCKS = YES;
				GCC_OPTIMIZATION_LEVEL = 0;
				GCC_PREPROCESSOR_DEFINITIONS = (
					"DEBUG=1",
					"$(inherited)",
				);
				GCC_WARN_64_TO_32_BIT_CONVERSION = YES;
				GCC_WARN_ABOUT_RETURN_TYPE = YES_ERROR;
				GCC_WARN_UNDECLARED_SELECTOR = YES;
				GCC_WARN_UNINITIALIZED_AUTOS = YES_AGGRESSIVE;
				GCC_WARN_UNUSED_FUNCTION = YES;
				GCC_WARN_UNUSED_VARIABLE = YES;
				IPHONEOS_DEPLOYMENT_TARGET = 15.4;
				MTL_ENABLE_DEBUG_INFO = INCLUDE_SOURCE;
				MTL_FAST_MATH = YES;
				ONLY_ACTIVE_ARCH = YES;
				SDKROOT = iphoneos;
				SWIFT_ACTIVE_COMPILATION_CONDITIONS = DEBUG;
				SWIFT_OPTIMIZATION_LEVEL = "-Onone";
			};
			name = Debug;
		};
		84B63DD02892C7F800296A24 /* Release */ = {
			isa = XCBuildConfiguration;
			buildSettings = {
				ALWAYS_SEARCH_USER_PATHS = NO;
				CLANG_ANALYZER_NONNULL = YES;
				CLANG_ANALYZER_NUMBER_OBJECT_CONVERSION = YES_AGGRESSIVE;
				CLANG_CXX_LANGUAGE_STANDARD = "gnu++17";
				CLANG_ENABLE_MODULES = YES;
				CLANG_ENABLE_OBJC_ARC = YES;
				CLANG_ENABLE_OBJC_WEAK = YES;
				CLANG_WARN_BLOCK_CAPTURE_AUTORELEASING = YES;
				CLANG_WARN_BOOL_CONVERSION = YES;
				CLANG_WARN_COMMA = YES;
				CLANG_WARN_CONSTANT_CONVERSION = YES;
				CLANG_WARN_DEPRECATED_OBJC_IMPLEMENTATIONS = YES;
				CLANG_WARN_DIRECT_OBJC_ISA_USAGE = YES_ERROR;
				CLANG_WARN_DOCUMENTATION_COMMENTS = YES;
				CLANG_WARN_EMPTY_BODY = YES;
				CLANG_WARN_ENUM_CONVERSION = YES;
				CLANG_WARN_INFINITE_RECURSION = YES;
				CLANG_WARN_INT_CONVERSION = YES;
				CLANG_WARN_NON_LITERAL_NULL_CONVERSION = YES;
				CLANG_WARN_OBJC_IMPLICIT_RETAIN_SELF = YES;
				CLANG_WARN_OBJC_LITERAL_CONVERSION = YES;
				CLANG_WARN_OBJC_ROOT_CLASS = YES_ERROR;
				CLANG_WARN_QUOTED_INCLUDE_IN_FRAMEWORK_HEADER = YES;
				CLANG_WARN_RANGE_LOOP_ANALYSIS = YES;
				CLANG_WARN_STRICT_PROTOTYPES = YES;
				CLANG_WARN_SUSPICIOUS_MOVE = YES;
				CLANG_WARN_UNGUARDED_AVAILABILITY = YES_AGGRESSIVE;
				CLANG_WARN_UNREACHABLE_CODE = YES;
				CLANG_WARN__DUPLICATE_METHOD_MATCH = YES;
				COPY_PHASE_STRIP = NO;
				DEBUG_INFORMATION_FORMAT = "dwarf-with-dsym";
				ENABLE_NS_ASSERTIONS = NO;
				ENABLE_STRICT_OBJC_MSGSEND = YES;
				GCC_C_LANGUAGE_STANDARD = gnu11;
				GCC_NO_COMMON_BLOCKS = YES;
				GCC_WARN_64_TO_32_BIT_CONVERSION = YES;
				GCC_WARN_ABOUT_RETURN_TYPE = YES_ERROR;
				GCC_WARN_UNDECLARED_SELECTOR = YES;
				GCC_WARN_UNINITIALIZED_AUTOS = YES_AGGRESSIVE;
				GCC_WARN_UNUSED_FUNCTION = YES;
				GCC_WARN_UNUSED_VARIABLE = YES;
				IPHONEOS_DEPLOYMENT_TARGET = 15.4;
				MTL_ENABLE_DEBUG_INFO = NO;
				MTL_FAST_MATH = YES;
				SDKROOT = iphoneos;
				SWIFT_COMPILATION_MODE = wholemodule;
				SWIFT_OPTIMIZATION_LEVEL = "-O";
				VALIDATE_PRODUCT = YES;
			};
			name = Release;
		};
		84B63DD22892C7F800296A24 /* Debug */ = {
			isa = XCBuildConfiguration;
			buildSettings = {
				ASSETCATALOG_COMPILER_APPICON_NAME = AppIcon;
				ASSETCATALOG_COMPILER_GLOBAL_ACCENT_COLOR_NAME = AccentColor;
				CODE_SIGN_STYLE = Automatic;
				CURRENT_PROJECT_VERSION = 1;
				GENERATE_INFOPLIST_FILE = YES;
				INFOPLIST_FILE = LimitInputTextField/Info.plist;
				INFOPLIST_KEY_UIApplicationSupportsIndirectInputEvents = YES;
				INFOPLIST_KEY_UILaunchStoryboardName = LaunchScreen;
				INFOPLIST_KEY_UIMainStoryboardFile = Main;
				INFOPLIST_KEY_UISupportedInterfaceOrientations_iPad = "UIInterfaceOrientationPortrait UIInterfaceOrientationPortraitUpsideDown UIInterfaceOrientationLandscapeLeft UIInterfaceOrientationLandscapeRight";
				INFOPLIST_KEY_UISupportedInterfaceOrientations_iPhone = "UIInterfaceOrientationPortrait UIInterfaceOrientationLandscapeLeft UIInterfaceOrientationLandscapeRight";
				LD_RUNPATH_SEARCH_PATHS = (
					"$(inherited)",
					"@executable_path/Frameworks",
				);
				MARKETING_VERSION = 1.0;
				PRODUCT_BUNDLE_IDENTIFIER = com.xb.learn.LimitInputTextField;
				PRODUCT_NAME = "$(TARGET_NAME)";
				SWIFT_EMIT_LOC_STRINGS = YES;
				SWIFT_VERSION = 5.0;
				TARGETED_DEVICE_FAMILY = "1,2";
			};
			name = Debug;
		};
		84B63DD32892C7F800296A24 /* Release */ = {
			isa = XCBuildConfiguration;
			buildSettings = {
				ASSETCATALOG_COMPILER_APPICON_NAME = AppIcon;
				ASSETCATALOG_COMPILER_GLOBAL_ACCENT_COLOR_NAME = AccentColor;
				CODE_SIGN_STYLE = Automatic;
				CURRENT_PROJECT_VERSION = 1;
				GENERATE_INFOPLIST_FILE = YES;
				INFOPLIST_FILE = LimitInputTextField/Info.plist;
				INFOPLIST_KEY_UIApplicationSupportsIndirectInputEvents = YES;
				INFOPLIST_KEY_UILaunchStoryboardName = LaunchScreen;
				INFOPLIST_KEY_UIMainStoryboardFile = Main;
				INFOPLIST_KEY_UISupportedInterfaceOrientations_iPad = "UIInterfaceOrientationPortrait UIInterfaceOrientationPortraitUpsideDown UIInterfaceOrientationLandscapeLeft UIInterfaceOrientationLandscapeRight";
				INFOPLIST_KEY_UISupportedInterfaceOrientations_iPhone = "UIInterfaceOrientationPortrait UIInterfaceOrientationLandscapeLeft UIInterfaceOrientationLandscapeRight";
				LD_RUNPATH_SEARCH_PATHS = (
					"$(inherited)",
					"@executable_path/Frameworks",
				);
				MARKETING_VERSION = 1.0;
				PRODUCT_BUNDLE_IDENTIFIER = com.xb.learn.LimitInputTextField;
				PRODUCT_NAME = "$(TARGET_NAME)";
				SWIFT_EMIT_LOC_STRINGS = YES;
				SWIFT_VERSION = 5.0;
				TARGETED_DEVICE_FAMILY = "1,2";
			};
			name = Release;
		};
		84B63DD52892C7F800296A24 /* Debug */ = {
			isa = XCBuildConfiguration;
			buildSettings = {
				ALWAYS_EMBED_SWIFT_STANDARD_LIBRARIES = YES;
				BUNDLE_LOADER = "$(TEST_HOST)";
				CODE_SIGN_STYLE = Automatic;
				CURRENT_PROJECT_VERSION = 1;
				GENERATE_INFOPLIST_FILE = YES;
				IPHONEOS_DEPLOYMENT_TARGET = 15.4;
				MARKETING_VERSION = 1.0;
				PRODUCT_BUNDLE_IDENTIFIER = com.xb.learn.LimitInputTextFieldTests;
				PRODUCT_NAME = "$(TARGET_NAME)";
				SWIFT_EMIT_LOC_STRINGS = NO;
				SWIFT_VERSION = 5.0;
				TARGETED_DEVICE_FAMILY = "1,2";
				TEST_HOST = "$(BUILT_PRODUCTS_DIR)/LimitInputTextField.app/LimitInputTextField";
			};
			name = Debug;
		};
		84B63DD62892C7F800296A24 /* Release */ = {
			isa = XCBuildConfiguration;
			buildSettings = {
				ALWAYS_EMBED_SWIFT_STANDARD_LIBRARIES = YES;
				BUNDLE_LOADER = "$(TEST_HOST)";
				CODE_SIGN_STYLE = Automatic;
				CURRENT_PROJECT_VERSION = 1;
				GENERATE_INFOPLIST_FILE = YES;
				IPHONEOS_DEPLOYMENT_TARGET = 15.4;
				MARKETING_VERSION = 1.0;
				PRODUCT_BUNDLE_IDENTIFIER = com.xb.learn.LimitInputTextFieldTests;
				PRODUCT_NAME = "$(TARGET_NAME)";
				SWIFT_EMIT_LOC_STRINGS = NO;
				SWIFT_VERSION = 5.0;
				TARGETED_DEVICE_FAMILY = "1,2";
				TEST_HOST = "$(BUILT_PRODUCTS_DIR)/LimitInputTextField.app/LimitInputTextField";
			};
			name = Release;
		};
		84B63DD82892C7F800296A24 /* Debug */ = {
			isa = XCBuildConfiguration;
			buildSettings = {
				ALWAYS_EMBED_SWIFT_STANDARD_LIBRARIES = YES;
				CODE_SIGN_STYLE = Automatic;
				CURRENT_PROJECT_VERSION = 1;
				GENERATE_INFOPLIST_FILE = YES;
				MARKETING_VERSION = 1.0;
				PRODUCT_BUNDLE_IDENTIFIER = com.xb.learn.LimitInputTextFieldUITests;
				PRODUCT_NAME = "$(TARGET_NAME)";
				SWIFT_EMIT_LOC_STRINGS = NO;
				SWIFT_VERSION = 5.0;
				TARGETED_DEVICE_FAMILY = "1,2";
				TEST_TARGET_NAME = LimitInputTextField;
			};
			name = Debug;
		};
		84B63DD92892C7F800296A24 /* Release */ = {
			isa = XCBuildConfiguration;
			buildSettings = {
				ALWAYS_EMBED_SWIFT_STANDARD_LIBRARIES = YES;
				CODE_SIGN_STYLE = Automatic;
				CURRENT_PROJECT_VERSION = 1;
				GENERATE_INFOPLIST_FILE = YES;
				MARKETING_VERSION = 1.0;
				PRODUCT_BUNDLE_IDENTIFIER = com.xb.learn.LimitInputTextFieldUITests;
				PRODUCT_NAME = "$(TARGET_NAME)";
				SWIFT_EMIT_LOC_STRINGS = NO;
				SWIFT_VERSION = 5.0;
				TARGETED_DEVICE_FAMILY = "1,2";
				TEST_TARGET_NAME = LimitInputTextField;
			};
			name = Release;
		};
/* End XCBuildConfiguration section */

/* Begin XCConfigurationList section */
		84B63DA22892C7F700296A24 /* Build configuration list for PBXProject "LimitInputTextField" */ = {
			isa = XCConfigurationList;
			buildConfigurations = (
				84B63DCF2892C7F800296A24 /* Debug */,
				84B63DD02892C7F800296A24 /* Release */,
			);
			defaultConfigurationIsVisible = 0;
			defaultConfigurationName = Release;
		};
		84B63DD12892C7F800296A24 /* Build configuration list for PBXNativeTarget "LimitInputTextField" */ = {
			isa = XCConfigurationList;
			buildConfigurations = (
				84B63DD22892C7F800296A24 /* Debug */,
				84B63DD32892C7F800296A24 /* Release */,
			);
			defaultConfigurationIsVisible = 0;
			defaultConfigurationName = Release;
		};
		84B63DD42892C7F800296A24 /* Build configuration list for PBXNativeTarget "LimitInputTextFieldTests" */ = {
			isa = XCConfigurationList;
			buildConfigurations = (
				84B63DD52892C7F800296A24 /* Debug */,
				84B63DD62892C7F800296A24 /* Release */,
			);
			defaultConfigurationIsVisible = 0;
			defaultConfigurationName = Release;
		};
		84B63DD72892C7F800296A24 /* Build configuration list for PBXNativeTarget "LimitInputTextFieldUITests" */ = {
			isa = XCConfigurationList;
			buildConfigurations = (
				84B63DD82892C7F800296A24 /* Debug */,
				84B63DD92892C7F800296A24 /* Release */,
			);
			defaultConfigurationIsVisible = 0;
			defaultConfigurationName = Release;
		};
/* End XCConfigurationList section */
	};
	rootObject = 84B63D9F2892C7F700296A24 /* Project object */;
}
